
Microsoft Visual Studio Solution File, Format Version 12.00
# Visual Studio Version 17
VisualStudioVersion = 17.7.34009.444
MinimumVisualStudioVersion = 10.0.40219.1
Project("{FAE04EC0-301F-11D3-BF4B-00C04F79EFBC}") = "Cliente", "Cliente\Cliente.csproj", "{B9BC7F73-4515-4672-97C4-1E27E960B14B}"
EndProject
Global
	GlobalSection(SolutionConfigurationPlatforms) = preSolution
		Debug|Any CPU = Debug|Any CPU
		Release|Any CPU = Release|Any CPU
	EndGlobalSection
	GlobalSection(ProjectConfigurationPlatforms) = postSolution
		{B9BC7F73-4515-4672-97C4-1E27E960B14B}.Debug|Any CPU.ActiveCfg = Debug|Any CPU
		{B9BC7F73-4515-4672-97C4-1E27E960B14B}.Debug|Any CPU.Build.0 = Debug|Any CPU
		{B9BC7F73-4515-4672-97C4-1E27E960B14B}.Release|Any CPU.ActiveCfg = Release|Any CPU
		{B9BC7F73-4515-4672-97C4-1E27E960B14B}.Release|Any CPU.Build.0 = Release|Any CPU
	EndGlobalSection
	GlobalSection(SolutionProperties) = preSolution
		HideSolutionNode = FALSE
	EndGlobalSection
	GlobalSection(ExtensibilityGlobals) = postSolution
		SolutionGuid = {A45047EB-CFC9-4B79-8693-8B3F7E656E96}
	EndGlobalSection
EndGlobal
